#MicroXplorer Configuration settings - do not modify
Dma.Request0=TIM1_UP
Dma.RequestsNb=1
Dma.TIM1_UP.0.Direction=DMA_MEMORY_TO_PERIPH
Dma.TIM1_UP.0.FIFOMode=DMA_FIFOMODE_ENABLE
Dma.TIM1_UP.0.FIFOThreshold=DMA_FIFO_THRESHOLD_FULL
Dma.TIM1_UP.0.Instance=DMA2_Stream5
Dma.TIM1_UP.0.MemBurst=DMA_MBURST_INC16
Dma.TIM1_UP.0.MemDataAlignment=DMA_MDATAALIGN_BYTE
Dma.TIM1_UP.0.MemInc=DMA_MINC_ENABLE
Dma.TIM1_UP.0.Mode=DMA_CIRCULAR
Dma.TIM1_UP.0.PeriphBurst=DMA_PBURST_SINGLE
Dma.TIM1_UP.0.PeriphDataAlignment=DMA_PDATAALIGN_BYTE
Dma.TIM1_UP.0.PeriphInc=DMA_PINC_DISABLE
Dma.TIM1_UP.0.Priority=DMA_PRIORITY_VERY_HIGH
Dma.TIM1_UP.0.RequestParameters=Instance,Direction,PeriphInc,MemInc,PeriphDataAlignment,MemDataAlignment,Mode,Priority,FIFOMode,FIFOThreshold,MemBurst,PeriphBurst
File.Version=6
GPIO.groupedBy=Group By Peripherals
KeepUserPlacement=false
Mcu.CPN=STM32F411CEU6
Mcu.Family=STM32F4
Mcu.IP0=DMA
Mcu.IP1=NVIC
Mcu.IP2=RCC
Mcu.IP3=SYS
Mcu.IP4=TIM1
Mcu.IP5=TIM9
Mcu.IP6=TIM10
Mcu.IP7=USB_HOST
Mcu.IP8=USB_OTG_FS
Mcu.IPNb=9
Mcu.Name=STM32F411C(C-E)Ux
Mcu.Package=UFQFPN48
Mcu.Pin0=PC13-ANTI_TAMP
Mcu.Pin1=PH0 - OSC_IN
Mcu.Pin10=PA12
Mcu.Pin11=PA13
Mcu.Pin12=PA14
Mcu.Pin13=PB3
Mcu.Pin14=PB4
Mcu.Pin15=PB5
Mcu.Pin16=PB6
Mcu.Pin17=PB7
Mcu.Pin18=PB8
Mcu.Pin19=PB9
Mcu.Pin2=PH1 - OSC_OUT
Mcu.Pin20=VP_SYS_VS_Systick
Mcu.Pin21=VP_TIM1_VS_ClockSourceINT
Mcu.Pin22=VP_TIM9_VS_ControllerModeClock
Mcu.Pin23=VP_TIM9_VS_ClockSourceITR
Mcu.Pin24=VP_TIM10_VS_ClockSourceINT
Mcu.Pin25=VP_USB_HOST_VS_USB_HOST_HID_FS
Mcu.Pin3=PA2
Mcu.Pin4=PB0
Mcu.Pin5=PB1
Mcu.Pin6=PB2
Mcu.Pin7=PB10
Mcu.Pin8=PA10
Mcu.Pin9=PA11
Mcu.PinsNb=26
Mcu.ThirdPartyNb=0
Mcu.UserConstants=
Mcu.UserName=STM32F411CEUx
MxCube.Version=6.6.1
MxDb.Version=DB.6.0.60
NVIC.BusFault_IRQn=true\:0\:0\:false\:false\:true\:false\:false\:false
NVIC.DMA2_Stream5_IRQn=true\:0\:0\:false\:false\:true\:false\:true\:true
NVIC.DebugMonitor_IRQn=true\:0\:0\:false\:false\:true\:false\:false\:false
NVIC.EXTI15_10_IRQn=true\:0\:0\:false\:false\:true\:true\:true\:true
NVIC.EXTI9_5_IRQn=true\:0\:0\:false\:false\:true\:true\:true\:true
NVIC.ForceEnableDMAVector=true
NVIC.HardFault_IRQn=true\:0\:0\:false\:false\:true\:false\:false\:false
NVIC.MemoryManagement_IRQn=true\:0\:0\:false\:false\:true\:false\:false\:false
NVIC.NonMaskableInt_IRQn=true\:0\:0\:false\:false\:true\:false\:false\:false
NVIC.OTG_FS_IRQn=true\:0\:0\:false\:false\:true\:false\:true\:true
NVIC.PendSV_IRQn=true\:0\:0\:false\:false\:true\:false\:false\:false
NVIC.PriorityGroup=NVIC_PRIORITYGROUP_4
NVIC.SVCall_IRQn=true\:0\:0\:false\:false\:true\:false\:false\:false
NVIC.SysTick_IRQn=true\:15\:0\:false\:false\:true\:false\:true\:false
NVIC.TIM1_BRK_TIM9_IRQn=true\:0\:0\:false\:false\:true\:true\:true\:true
NVIC.UsageFault_IRQn=true\:0\:0\:false\:false\:true\:false\:false\:false
PA10.Locked=true
PA10.Signal=GPIO_Output
PA11.Mode=Host_Only
PA11.Signal=USB_OTG_FS_DM
PA12.Mode=Host_Only
PA12.Signal=USB_OTG_FS_DP
PA13.Mode=Serial_Wire
PA13.Signal=SYS_JTMS-SWDIO
PA14.Mode=Serial_Wire
PA14.Signal=SYS_JTCK-SWCLK
PA2.Signal=S_TIM9_CH1
PB0.GPIOParameters=GPIO_Speed,GPIO_Label
PB0.GPIO_Label=B0
PB0.GPIO_Speed=GPIO_SPEED_FREQ_VERY_HIGH
PB0.Locked=true
PB0.Signal=GPIO_Output
PB1.GPIOParameters=GPIO_Speed,GPIO_Label
PB1.GPIO_Label=B1
PB1.GPIO_Speed=GPIO_SPEED_FREQ_VERY_HIGH
PB1.Locked=true
PB1.Signal=GPIO_Output
PB10.GPIOParameters=GPIO_PuPd
PB10.GPIO_PuPd=GPIO_PULLUP
PB10.Locked=true
PB10.Signal=GPXTI10
PB2.GPIOParameters=GPIO_Speed,GPIO_Label
PB2.GPIO_Label=G0
PB2.GPIO_Speed=GPIO_SPEED_FREQ_VERY_HIGH
PB2.Locked=true
PB2.Signal=GPIO_Output
PB3.GPIOParameters=GPIO_Speed,GPIO_Label
PB3.GPIO_Label=G1
PB3.GPIO_Speed=GPIO_SPEED_FREQ_VERY_HIGH
PB3.Locked=true
PB3.Signal=GPIO_Output
PB4.GPIOParameters=GPIO_Speed,GPIO_Label
PB4.GPIO_Label=G2
PB4.GPIO_Speed=GPIO_SPEED_FREQ_VERY_HIGH
PB4.Locked=true
PB4.Signal=GPIO_Output
PB5.GPIOParameters=GPIO_Speed,GPIO_Label
PB5.GPIO_Label=R0
PB5.GPIO_Speed=GPIO_SPEED_FREQ_VERY_HIGH
PB5.Locked=true
PB5.Signal=GPIO_Output
PB6.GPIOParameters=GPIO_Speed,GPIO_Label
PB6.GPIO_Label=R1
PB6.GPIO_Speed=GPIO_SPEED_FREQ_VERY_HIGH
PB6.Locked=true
PB6.Signal=GPIO_Output
PB7.GPIOParameters=GPIO_Speed,GPIO_Label
PB7.GPIO_Label=R2
PB7.GPIO_Speed=GPIO_SPEED_FREQ_VERY_HIGH
PB7.Locked=true
PB7.Signal=GPIO_Output
PB8.Signal=S_TIM10_CH1
PB9.GPIOParameters=GPIO_PuPd
PB9.GPIO_PuPd=GPIO_PULLUP
PB9.Locked=true
PB9.Signal=GPXTI9
PC13-ANTI_TAMP.Locked=true
PC13-ANTI_TAMP.Signal=GPIO_Output
PH0\ -\ OSC_IN.Mode=HSE-External-Oscillator
PH0\ -\ OSC_IN.Signal=RCC_OSC_IN
PH1\ -\ OSC_OUT.Mode=HSE-External-Oscillator
PH1\ -\ OSC_OUT.Signal=RCC_OSC_OUT
PinOutPanel.RotationAngle=0
ProjectManager.AskForMigrate=true
ProjectManager.BackupPrevious=false
ProjectManager.CompilerOptimize=6
ProjectManager.ComputerToolchain=false
ProjectManager.CoupleFile=false
ProjectManager.CustomerFirmwarePackage=
ProjectManager.DefaultFWLocation=true
ProjectManager.DeletePrevious=true
ProjectManager.DeviceId=STM32F411CEUx
ProjectManager.FirmwarePackage=STM32Cube FW_F4 V1.27.1
ProjectManager.FreePins=false
ProjectManager.HalAssertFull=false
ProjectManager.HeapSize=0x200
ProjectManager.KeepUserCode=true
ProjectManager.LastFirmware=true
ProjectManager.LibraryCopy=1
ProjectManager.MainLocation=Core/Src
ProjectManager.NoMain=false
ProjectManager.PreviousToolchain=
ProjectManager.ProjectBuild=false
ProjectManager.ProjectFileName=F411_VGA256.ioc
ProjectManager.ProjectName=F411_VGA256
ProjectManager.RegisterCallBack=
ProjectManager.StackSize=0x400
ProjectManager.TargetToolchain=STM32CubeIDE
ProjectManager.ToolChainLocation=
ProjectManager.UnderRoot=true
ProjectManager.functionlistsort=1-SystemClock_Config-RCC-false-HAL-false,2-MX_GPIO_Init-GPIO-false-HAL-true,3-MX_DMA_Init-DMA-false-HAL-true,4-MX_TIM10_Init-TIM10-false-HAL-true,5-MX_TIM9_Init-TIM9-false-HAL-true,6-MX_TIM1_Init-TIM1-false-HAL-true,7-MX_USB_HOST_Init-USB_HOST-false-HAL-false
RCC.48MHZClocksFreq_Value=48000000
RCC.AHBFreq_Value=96000000
RCC.APB1CLKDivider=RCC_HCLK_DIV2
RCC.APB1Freq_Value=48000000
RCC.APB1TimFreq_Value=96000000
RCC.APB2Freq_Value=96000000
RCC.APB2TimFreq_Value=96000000
RCC.CortexFreq_Value=96000000
RCC.EthernetFreq_Value=96000000
RCC.FCLKCortexFreq_Value=96000000
RCC.FamilyName=M
RCC.HCLKFreq_Value=96000000
RCC.HSE_VALUE=25000000
RCC.HSI_VALUE=16000000
RCC.I2SClocksFreq_Value=150000000
RCC.IPParameters=48MHZClocksFreq_Value,AHBFreq_Value,APB1CLKDivider,APB1Freq_Value,APB1TimFreq_Value,APB2Freq_Value,APB2TimFreq_Value,CortexFreq_Value,EthernetFreq_Value,FCLKCortexFreq_Value,FamilyName,HCLKFreq_Value,HSE_VALUE,HSI_VALUE,I2SClocksFreq_Value,LSE_VALUE,LSI_VALUE,PLLCLKFreq_Value,PLLM,PLLQCLKFreq_Value,RTCFreq_Value,RTCHSEDivFreq_Value,SYSCLKFreq_VALUE,SYSCLKSource,VCOI2SOutputFreq_Value,VCOInputFreq_Value,VCOInputMFreq_Value,VCOOutputFreq_Value,VcooutputI2S
RCC.LSE_VALUE=32768
RCC.LSI_VALUE=32000
RCC.PLLCLKFreq_Value=96000000
RCC.PLLM=25
RCC.PLLQCLKFreq_Value=48000000
RCC.RTCFreq_Value=32000
RCC.RTCHSEDivFreq_Value=12500000
RCC.SYSCLKFreq_VALUE=96000000
RCC.SYSCLKSource=RCC_SYSCLKSOURCE_PLLCLK
RCC.VCOI2SOutputFreq_Value=300000000
RCC.VCOInputFreq_Value=1000000
RCC.VCOInputMFreq_Value=1562500
RCC.VCOOutputFreq_Value=192000000
RCC.VcooutputI2S=150000000
SH.GPXTI10.0=GPIO_EXTI10
SH.GPXTI10.ConfNb=1
SH.GPXTI9.0=GPIO_EXTI9
SH.GPXTI9.ConfNb=1
SH.S_TIM10_CH1.0=TIM10_CH1,PWM Generation1 CH1
SH.S_TIM10_CH1.ConfNb=1
SH.S_TIM9_CH1.0=TIM9_CH1,PWM Generation1 CH1
SH.S_TIM9_CH1.ConfNb=1
TIM1.AutoReloadPreload=TIM_AUTORELOAD_PRELOAD_ENABLE
TIM1.IPParameters=RepetitionCounter,AutoReloadPreload,TIM_MasterOutputTrigger,Period,Prescaler
TIM1.Period=4-1
TIM1.Prescaler=1
TIM1.RepetitionCounter=0
TIM1.TIM_MasterOutputTrigger=TIM_TRGO_UPDATE
TIM10.AutoReloadPreload=TIM_AUTORELOAD_PRELOAD_ENABLE
TIM10.Channel=TIM_CHANNEL_1
TIM10.IPParameters=Channel,OCMode_PWM,OCPolarity_1,Prescaler,Period,AutoReloadPreload,Pulse,OCFastMode_PWM
TIM10.OCFastMode_PWM=TIM_OCFAST_ENABLE
TIM10.OCMode_PWM=TIM_OCMODE_PWM1
TIM10.OCPolarity_1=TIM_OCPOLARITY_HIGH
TIM10.Period=800-1
TIM10.Prescaler=4-1
TIM10.Pulse=96-1
TIM9.AutoReloadPreload=TIM_AUTORELOAD_PRELOAD_ENABLE
TIM9.Channel-PWM\ Generation1\ CH1=TIM_CHANNEL_1
TIM9.IPParameters=Channel-PWM Generation1 CH1,OCMode_PWM-PWM Generation1 CH1,Period,AutoReloadPreload,Pulse-PWM Generation1 CH1,OCPolarity_1,OCFastMode_PWM-PWM Generation1 CH1,Prescaler
TIM9.OCFastMode_PWM-PWM\ Generation1\ CH1=TIM_OCFAST_ENABLE
TIM9.OCMode_PWM-PWM\ Generation1\ CH1=TIM_OCMODE_PWM1
TIM9.OCPolarity_1=TIM_OCPOLARITY_HIGH
TIM9.Period=523
TIM9.Prescaler=0
TIM9.Pulse-PWM\ Generation1\ CH1=2-1
USB_HOST.BSP.number=1
USB_HOST.IPParameters=VirtualModeFS,USBH_HandleTypeDef
USB_HOST.USBH_HandleTypeDef=hUsbHostFS
USB_HOST.VirtualModeFS=Hid
USB_HOST0.BSP.STBoard=false
USB_HOST0.BSP.api=Unknown
USB_HOST0.BSP.component=
USB_HOST0.BSP.condition=
USB_HOST0.BSP.instance=PA10
USB_HOST0.BSP.ip=GPIO
USB_HOST0.BSP.mode=Output
USB_HOST0.BSP.name=Drive_VBUS_FS
USB_HOST0.BSP.semaphore=
USB_HOST0.BSP.solution=PA10
USB_OTG_FS.IPParameters=VirtualMode,phy_itface,speed
USB_OTG_FS.VirtualMode=Host_Only
USB_OTG_FS.phy_itface=HCD_PHY_EMBEDDED
USB_OTG_FS.speed=HCD_SPEED_LOW
VP_SYS_VS_Systick.Mode=SysTick
VP_SYS_VS_Systick.Signal=SYS_VS_Systick
VP_TIM10_VS_ClockSourceINT.Mode=Enable_Timer
VP_TIM10_VS_ClockSourceINT.Signal=TIM10_VS_ClockSourceINT
VP_TIM1_VS_ClockSourceINT.Mode=Internal
VP_TIM1_VS_ClockSourceINT.Signal=TIM1_VS_ClockSourceINT
VP_TIM9_VS_ClockSourceITR.Mode=TriggerSource_ITR2
VP_TIM9_VS_ClockSourceITR.Signal=TIM9_VS_ClockSourceITR
VP_TIM9_VS_ControllerModeClock.Mode=Clock Mode
VP_TIM9_VS_ControllerModeClock.Signal=TIM9_VS_ControllerModeClock
VP_USB_HOST_VS_USB_HOST_HID_FS.Mode=HID_FS
VP_USB_HOST_VS_USB_HOST_HID_FS.Signal=USB_HOST_VS_USB_HOST_HID_FS
board=custom
isbadioc=false
